// !$*UTF8*$!
{
	archiveVersion = 1;
	classes = {
	};
	objectVersion = 56;
	objects = {

/* Begin PBXBuildFile section */
		467FE8F42B236673002E52B3 /* AppDelegate.swift in Sources */ = {isa = PBXBuildFile; fileRef = 467FE8F32B236673002E52B3 /* AppDelegate.swift */; };
		467FE8F62B236673002E52B3 /* SceneDelegate.swift in Sources */ = {isa = PBXBuildFile; fileRef = 467FE8F52B236673002E52B3 /* SceneDelegate.swift */; };
		467FE8F82B236673002E52B3 /* ViewController.swift in Sources */ = {isa = PBXBuildFile; fileRef = 467FE8F72B236673002E52B3 /* ViewController.swift */; };
		467FE8FB2B236673002E52B3 /* Main.storyboard in Resources */ = {isa = PBXBuildFile; fileRef = 467FE8F92B236673002E52B3 /* Main.storyboard */; };
		467FE8FD2B236675002E52B3 /* Assets.xcassets in Resources */ = {isa = PBXBuildFile; fileRef = 467FE8FC2B236675002E52B3 /* Assets.xcassets */; };
		467FE9002B236675002E52B3 /* LaunchScreen.storyboard in Resources */ = {isa = PBXBuildFile; fileRef = 467FE8FE2B236675002E52B3 /* LaunchScreen.storyboard */; };
		467FE90B2B236676002E52B3 /* UnitTestsTests.swift in Sources */ = {isa = PBXBuildFile; fileRef = 467FE90A2B236676002E52B3 /* UnitTestsTests.swift */; };
		467FE9152B236676002E52B3 /* UnitTestsUITests.swift in Sources */ = {isa = PBXBuildFile; fileRef = 467FE9142B236676002E52B3 /* UnitTestsUITests.swift */; };
		467FE9172B236676002E52B3 /* UnitTestsUITestsLaunchTests.swift in Sources */ = {isa = PBXBuildFile; fileRef = 467FE9162B236676002E52B3 /* UnitTestsUITestsLaunchTests.swift */; };
/* End PBXBuildFile section */

/* Begin PBXContainerItemProxy section */
		467FE9072B236676002E52B3 /* PBXContainerItemProxy */ = {
			isa = PBXContainerItemProxy;
			containerPortal = 467FE8E82B236673002E52B3 /* Project object */;
			proxyType = 1;
			remoteGlobalIDString = 467FE8EF2B236673002E52B3;
			remoteInfo = UnitTests;
		};
		467FE9112B236676002E52B3 /* PBXContainerItemProxy */ = {
			isa = PBXContainerItemProxy;
			containerPortal = 467FE8E82B236673002E52B3 /* Project object */;
			proxyType = 1;
			remoteGlobalIDString = 467FE8EF2B236673002E52B3;
			remoteInfo = UnitTests;
		};
/* End PBXContainerItemProxy section */

/* Begin PBXFileReference section */
		467FE8F02B236673002E52B3 /* UnitTests.app */ = {isa = PBXFileReference; explicitFileType = wrapper.application; includeInIndex = 0; path = UnitTests.app; sourceTree = BUILT_PRODUCTS_DIR; };
		467FE8F32B236673002E52B3 /* AppDelegate.swift */ = {isa = PBXFileReference; lastKnownFileType = sourcecode.swift; path = AppDelegate.swift; sourceTree = "<group>"; };
		467FE8F52B236673002E52B3 /* SceneDelegate.swift */ = {isa = PBXFileReference; lastKnownFileType = sourcecode.swift; path = SceneDelegate.swift; sourceTree = "<group>"; };
		467FE8F72B236673002E52B3 /* ViewController.swift */ = {isa = PBXFileReference; lastKnownFileType = sourcecode.swift; path = ViewController.swift; sourceTree = "<group>"; };
		467FE8FA2B236673002E52B3 /* Base */ = {isa = PBXFileReference; lastKnownFileType = file.storyboard; name = Base; path = Base.lproj/Main.storyboard; sourceTree = "<group>"; };
		467FE8FC2B236675002E52B3 /* Assets.xcassets */ = {isa = PBXFileReference; lastKnownFileType = folder.assetcatalog; path = Assets.xcassets; sourceTree = "<group>"; };
		467FE8FF2B236675002E52B3 /* Base */ = {isa = PBXFileReference; lastKnownFileType = file.storyboard; name = Base; path = Base.lproj/LaunchScreen.storyboard; sourceTree = "<group>"; };
		467FE9012B236676002E52B3 /* Info.plist */ = {isa = PBXFileReference; lastKnownFileType = text.plist.xml; path = Info.plist; sourceTree = "<group>"; };
		467FE9062B236676002E52B3 /* UnitTestsTests.xctest */ = {isa = PBXFileReference; explicitFileType = wrapper.cfbundle; includeInIndex = 0; path = UnitTestsTests.xctest; sourceTree = BUILT_PRODUCTS_DIR; };
		467FE90A2B236676002E52B3 /* UnitTestsTests.swift */ = {isa = PBXFileReference; lastKnownFileType = sourcecode.swift; path = UnitTestsTests.swift; sourceTree = "<group>"; };
		467FE9102B236676002E52B3 /* UnitTestsUITests.xctest */ = {isa = PBXFileReference; explicitFileType = wrapper.cfbundle; includeInIndex = 0; path = UnitTestsUITests.xctest; sourceTree = BUILT_PRODUCTS_DIR; };
		467FE9142B236676002E52B3 /* UnitTestsUITests.swift */ = {isa = PBXFileReference; lastKnownFileType = sourcecode.swift; path = UnitTestsUITests.swift; sourceTree = "<group>"; };
		467FE9162B236676002E52B3 /* UnitTestsUITestsLaunchTests.swift */ = {isa = PBXFileReference; lastKnownFileType = sourcecode.swift; path = UnitTestsUITestsLaunchTests.swift; sourceTree = "<group>"; };
/* End PBXFileReference section */

/* Begin PBXFrameworksBuildPhase section */
		467FE8ED2B236673002E52B3 /* Frameworks */ = {
			isa = PBXFrameworksBuildPhase;
			buildActionMask = 2147483647;
			files = (
			);
			runOnlyForDeploymentPostprocessing = 0;
		};
		467FE9032B236676002E52B3 /* Frameworks */ = {
			isa = PBXFrameworksBuildPhase;
			buildActionMask = 2147483647;
			files = (
			);
			runOnlyForDeploymentPostprocessing = 0;
		};
		467FE90D2B236676002E52B3 /* Frameworks */ = {
			isa = PBXFrameworksBuildPhase;
			buildActionMask = 2147483647;
			files = (
			);
			runOnlyForDeploymentPostprocessing = 0;
		};
/* End PBXFrameworksBuildPhase section */

/* Begin PBXGroup section */
		467FE8E72B236673002E52B3 = {
			isa = PBXGroup;
			children = (
				467FE8F22B236673002E52B3 /* UnitTests */,
				467FE9092B236676002E52B3 /* UnitTestsTests */,
				467FE9132B236676002E52B3 /* UnitTestsUITests */,
				467FE8F12B236673002E52B3 /* Products */,
			);
			sourceTree = "<group>";
		};
		467FE8F12B236673002E52B3 /* Products */ = {
			isa = PBXGroup;
			children = (
				467FE8F02B236673002E52B3 /* UnitTests.app */,
				467FE9062B236676002E52B3 /* UnitTestsTests.xctest */,
				467FE9102B236676002E52B3 /* UnitTestsUITests.xctest */,
			);
			name = Products;
			sourceTree = "<group>";
		};
		467FE8F22B236673002E52B3 /* UnitTests */ = {
			isa = PBXGroup;
			children = (
				467FE8F32B236673002E52B3 /* AppDelegate.swift */,
				467FE8F52B236673002E52B3 /* SceneDelegate.swift */,
				467FE8F72B236673002E52B3 /* ViewController.swift */,
				467FE8F92B236673002E52B3 /* Main.storyboard */,
				467FE8FC2B236675002E52B3 /* Assets.xcassets */,
				467FE8FE2B236675002E52B3 /* LaunchScreen.storyboard */,
				467FE9012B236676002E52B3 /* Info.plist */,
			);
			path = UnitTests;
			sourceTree = "<group>";
		};
		467FE9092B236676002E52B3 /* UnitTestsTests */ = {
			isa = PBXGroup;
			children = (
				467FE90A2B236676002E52B3 /* UnitTestsTests.swift */,
			);
			path = UnitTestsTests;
			sourceTree = "<group>";
		};
		467FE9132B236676002E52B3 /* UnitTestsUITests */ = {
			isa = PBXGroup;
			children = (
				467FE9142B236676002E52B3 /* UnitTestsUITests.swift */,
				467FE9162B236676002E52B3 /* UnitTestsUITestsLaunchTests.swift */,
			);
			path = UnitTestsUITests;
			sourceTree = "<group>";
		};
/* End PBXGroup section */

/* Begin PBXNativeTarget section */
		467FE8EF2B236673002E52B3 /* UnitTests */ = {
			isa = PBXNativeTarget;
			buildConfigurationList = 467FE91A2B236676002E52B3 /* Build configuration list for PBXNativeTarget "UnitTests" */;
			buildPhases = (
				467FE8EC2B236673002E52B3 /* Sources */,
				467FE8ED2B236673002E52B3 /* Frameworks */,
				467FE8EE2B236673002E52B3 /* Resources */,
			);
			buildRules = (
			);
			dependencies = (
			);
			name = UnitTests;
			productName = UnitTests;
			productReference = 467FE8F02B236673002E52B3 /* UnitTests.app */;
			productType = "com.apple.product-type.application";
		};
		467FE9052B236676002E52B3 /* UnitTestsTests */ = {
			isa = PBXNativeTarget;
			buildConfigurationList = 467FE91D2B236676002E52B3 /* Build configuration list for PBXNativeTarget "UnitTestsTests" */;
			buildPhases = (
				467FE9022B236676002E52B3 /* Sources */,
				467FE9032B236676002E52B3 /* Frameworks */,
				467FE9042B236676002E52B3 /* Resources */,
			);
			buildRules = (
			);
			dependencies = (
				467FE9082B236676002E52B3 /* PBXTargetDependency */,
			);
			name = UnitTestsTests;
			productName = UnitTestsTests;
			productReference = 467FE9062B236676002E52B3 /* UnitTestsTests.xctest */;
			productType = "com.apple.product-type.bundle.unit-test";
		};
		467FE90F2B236676002E52B3 /* UnitTestsUITests */ = {
			isa = PBXNativeTarget;
			buildConfigurationList = 467FE9202B236676002E52B3 /* Build configuration list for PBXNativeTarget "UnitTestsUITests" */;
			buildPhases = (
				467FE90C2B236676002E52B3 /* Sources */,
				467FE90D2B236676002E52B3 /* Frameworks */,
				467FE90E2B236676002E52B3 /* Resources */,
			);
			buildRules = (
			);
			dependencies = (
				467FE9122B236676002E52B3 /* PBXTargetDependency */,
			);
			name = UnitTestsUITests;
			productName = UnitTestsUITests;
			productReference = 467FE9102B236676002E52B3 /* UnitTestsUITests.xctest */;
			productType = "com.apple.product-type.bundle.ui-testing";
		};
/* End PBXNativeTarget section */

/* Begin PBXProject section */
		467FE8E82B236673002E52B3 /* Project object */ = {
			isa = PBXProject;
			attributes = {
				BuildIndependentTargetsInParallel = 1;
				LastSwiftUpdateCheck = 1500;
				LastUpgradeCheck = 1500;
				TargetAttributes = {
					467FE8EF2B236673002E52B3 = {
						CreatedOnToolsVersion = 15.0;
					};
					467FE9052B236676002E52B3 = {
						CreatedOnToolsVersion = 15.0;
						TestTargetID = 467FE8EF2B236673002E52B3;
					};
					467FE90F2B236676002E52B3 = {
						CreatedOnToolsVersion = 15.0;
						TestTargetID = 467FE8EF2B236673002E52B3;
					};
				};
			};
			buildConfigurationList = 467FE8EB2B236673002E52B3 /* Build configuration list for PBXProject "UnitTests" */;
			compatibilityVersion = "Xcode 14.0";
			developmentRegion = en;
			hasScannedForEncodings = 0;
			knownRegions = (
				en,
				Base,
			);
			mainGroup = 467FE8E72B236673002E52B3;
			productRefGroup = 467FE8F12B236673002E52B3 /* Products */;
			projectDirPath = "";
			projectRoot = "";
			targets = (
				467FE8EF2B236673002E52B3 /* UnitTests */,
				467FE9052B236676002E52B3 /* UnitTestsTests */,
				467FE90F2B236676002E52B3 /* UnitTestsUITests */,
			);
		};
/* End PBXProject section */

/* Begin PBXResourcesBuildPhase section */
		467FE8EE2B236673002E52B3 /* Resources */ = {
			isa = PBXResourcesBuildPhase;
			buildActionMask = 2147483647;
			files = (
				467FE9002B236675002E52B3 /* LaunchScreen.storyboard in Resources */,
				467FE8FD2B236675002E52B3 /* Assets.xcassets in Resources */,
				467FE8FB2B236673002E52B3 /* Main.storyboard in Resources */,
			);
			runOnlyForDeploymentPostprocessing = 0;
		};
		467FE9042B236676002E52B3 /* Resources */ = {
			isa = PBXResourcesBuildPhase;
			buildActionMask = 2147483647;
			files = (
			);
			runOnlyForDeploymentPostprocessing = 0;
		};
		467FE90E2B236676002E52B3 /* Resources */ = {
			isa = PBXResourcesBuildPhase;
			buildActionMask = 2147483647;
			files = (
			);
			runOnlyForDeploymentPostprocessing = 0;
		};
/* End PBXResourcesBuildPhase section */

/* Begin PBXSourcesBuildPhase section */
		467FE8EC2B236673002E52B3 /* Sources */ = {
			isa = PBXSourcesBuildPhase;
			buildActionMask = 2147483647;
			files = (
				467FE8F82B236673002E52B3 /* ViewController.swift in Sources */,
				467FE8F42B236673002E52B3 /* AppDelegate.swift in Sources */,
				467FE8F62B236673002E52B3 /* SceneDelegate.swift in Sources */,
			);
			runOnlyForDeploymentPostprocessing = 0;
		};
		467FE9022B236676002E52B3 /* Sources */ = {
			isa = PBXSourcesBuildPhase;
			buildActionMask = 2147483647;
			files = (
				467FE90B2B236676002E52B3 /* UnitTestsTests.swift in Sources */,
			);
			runOnlyForDeploymentPostprocessing = 0;
		};
		467FE90C2B236676002E52B3 /* Sources */ = {
			isa = PBXSourcesBuildPhase;
			buildActionMask = 2147483647;
			files = (
				467FE9172B236676002E52B3 /* UnitTestsUITestsLaunchTests.swift in Sources */,
				467FE9152B236676002E52B3 /* UnitTestsUITests.swift in Sources */,
			);
			runOnlyForDeploymentPostprocessing = 0;
		};
/* End PBXSourcesBuildPhase section */

/* Begin PBXTargetDependency section */
		467FE9082B236676002E52B3 /* PBXTargetDependency */ = {
			isa = PBXTargetDependency;
			target = 467FE8EF2B236673002E52B3 /* UnitTests */;
			targetProxy = 467FE9072B236676002E52B3 /* PBXContainerItemProxy */;
		};
		467FE9122B236676002E52B3 /* PBXTargetDependency */ = {
			isa = PBXTargetDependency;
			target = 467FE8EF2B236673002E52B3 /* UnitTests */;
			targetProxy = 467FE9112B236676002E52B3 /* PBXContainerItemProxy */;
		};
/* End PBXTargetDependency section */

/* Begin PBXVariantGroup section */
		467FE8F92B236673002E52B3 /* Main.storyboard */ = {
			isa = PBXVariantGroup;
			children = (
				467FE8FA2B236673002E52B3 /* Base */,
			);
			name = Main.storyboard;
			sourceTree = "<group>";
		};
		467FE8FE2B236675002E52B3 /* LaunchScreen.storyboard */ = {
			isa = PBXVariantGroup;
			children = (
				467FE8FF2B236675002E52B3 /* Base */,
			);
			name = LaunchScreen.storyboard;
			sourceTree = "<group>";
		};
/* End PBXVariantGroup section */

/* Begin XCBuildConfiguration section */
		467FE9182B236676002E52B3 /* Debug */ = {
			isa = XCBuildConfiguration;
			buildSettings = {
				ALWAYS_SEARCH_USER_PATHS = NO;
				ASSETCATALOG_COMPILER_GENERATE_SWIFT_ASSET_SYMBOL_EXTENSIONS = YES;
				CLANG_ANALYZER_NONNULL = YES;
				CLANG_ANALYZER_NUMBER_OBJECT_CONVERSION = YES_AGGRESSIVE;
				CLANG_CXX_LANGUAGE_STANDARD = "gnu++20";
				CLANG_ENABLE_MODULES = YES;
				CLANG_ENABLE_OBJC_ARC = YES;
				CLANG_ENABLE_OBJC_WEAK = YES;
				CLANG_WARN_BLOCK_CAPTURE_AUTORELEASING = YES;
				CLANG_WARN_BOOL_CONVERSION = YES;
				CLANG_WARN_COMMA = YES;
				CLANG_WARN_CONSTANT_CONVERSION = YES;
				CLANG_WARN_DEPRECATED_OBJC_IMPLEMENTATIONS = YES;
				CLANG_WARN_DIRECT_OBJC_ISA_USAGE = YES_ERROR;
				CLANG_WARN_DOCUMENTATION_COMMENTS = YES;
				CLANG_WARN_EMPTY_BODY = YES;
				CLANG_WARN_ENUM_CONVERSION = YES;
				CLANG_WARN_INFINITE_RECURSION = YES;
				CLANG_WARN_INT_CONVERSION = YES;
				CLANG_WARN_NON_LITERAL_NULL_CONVERSION = YES;
				CLANG_WARN_OBJC_IMPLICIT_RETAIN_SELF = YES;
				CLANG_WARN_OBJC_LITERAL_CONVERSION = YES;
				CLANG_WARN_OBJC_ROOT_CLASS = YES_ERROR;
				CLANG_WARN_QUOTED_INCLUDE_IN_FRAMEWORK_HEADER = YES;
				CLANG_WARN_RANGE_LOOP_ANALYSIS = YES;
				CLANG_WARN_STRICT_PROTOTYPES = YES;
				CLANG_WARN_SUSPICIOUS_MOVE = YES;
				CLANG_WARN_UNGUARDED_AVAILABILITY = YES_AGGRESSIVE;
				CLANG_WARN_UNREACHABLE_CODE = YES;
				CLANG_WARN__DUPLICATE_METHOD_MATCH = YES;
				COPY_PHASE_STRIP = NO;
				DEBUG_INFORMATION_FORMAT = dwarf;
				ENABLE_STRICT_OBJC_MSGSEND = YES;
				ENABLE_TESTABILITY = YES;
				ENABLE_USER_SCRIPT_SANDBOXING = YES;
				GCC_C_LANGUAGE_STANDARD = gnu17;
				GCC_DYNAMIC_NO_PIC = NO;
				GCC_NO_COMMON_BLOCKS = YES;
				GCC_OPTIMIZATION_LEVEL = 0;
				GCC_PREPROCESSOR_DEFINITIONS = (
					"DEBUG=1",
					"$(inherited)",
				);
				GCC_WARN_64_TO_32_BIT_CONVERSION = YES;
				GCC_WARN_ABOUT_RETURN_TYPE = YES_ERROR;
				GCC_WARN_UNDECLARED_SELECTOR = YES;
				GCC_WARN_UNINITIALIZED_AUTOS = YES_AGGRESSIVE;
				GCC_WARN_UNUSED_FUNCTION = YES;
				GCC_WARN_UNUSED_VARIABLE = YES;
				IPHONEOS_DEPLOYMENT_TARGET = 17.0;
				LOCALIZATION_PREFERS_STRING_CATALOGS = YES;
				MTL_ENABLE_DEBUG_INFO = INCLUDE_SOURCE;
				MTL_FAST_MATH = YES;
				ONLY_ACTIVE_ARCH = YES;
				SDKROOT = iphoneos;
				SWIFT_ACTIVE_COMPILATION_CONDITIONS = "DEBUG $(inherited)";
				SWIFT_OPTIMIZATION_LEVEL = "-Onone";
			};
			name = Debug;
		};
		467FE9192B236676002E52B3 /* Release */ = {
			isa = XCBuildConfiguration;
			buildSettings = {
				ALWAYS_SEARCH_USER_PATHS = NO;
				ASSETCATALOG_COMPILER_GENERATE_SWIFT_ASSET_SYMBOL_EXTENSIONS = YES;
				CLANG_ANALYZER_NONNULL = YES;
				CLANG_ANALYZER_NUMBER_OBJECT_CONVERSION = YES_AGGRESSIVE;
				CLANG_CXX_LANGUAGE_STANDARD = "gnu++20";
				CLANG_ENABLE_MODULES = YES;
				CLANG_ENABLE_OBJC_ARC = YES;
				CLANG_ENABLE_OBJC_WEAK = YES;
				CLANG_WARN_BLOCK_CAPTURE_AUTORELEASING = YES;
				CLANG_WARN_BOOL_CONVERSION = YES;
				CLANG_WARN_COMMA = YES;
				CLANG_WARN_CONSTANT_CONVERSION = YES;
				CLANG_WARN_DEPRECATED_OBJC_IMPLEMENTATIONS = YES;
				CLANG_WARN_DIRECT_OBJC_ISA_USAGE = YES_ERROR;
				CLANG_WARN_DOCUMENTATION_COMMENTS = YES;
				CLANG_WARN_EMPTY_BODY = YES;
				CLANG_WARN_ENUM_CONVERSION = YES;
				CLANG_WARN_INFINITE_RECURSION = YES;
				CLANG_WARN_INT_CONVERSION = YES;
				CLANG_WARN_NON_LITERAL_NULL_CONVERSION = YES;
				CLANG_WARN_OBJC_IMPLICIT_RETAIN_SELF = YES;
				CLANG_WARN_OBJC_LITERAL_CONVERSION = YES;
				CLANG_WARN_OBJC_ROOT_CLASS = YES_ERROR;
				CLANG_WARN_QUOTED_INCLUDE_IN_FRAMEWORK_HEADER = YES;
				CLANG_WARN_RANGE_LOOP_ANALYSIS = YES;
				CLANG_WARN_STRICT_PROTOTYPES = YES;
				CLANG_WARN_SUSPICIOUS_MOVE = YES;
				CLANG_WARN_UNGUARDED_AVAILABILITY = YES_AGGRESSIVE;
				CLANG_WARN_UNREACHABLE_CODE = YES;
				CLANG_WARN__DUPLICATE_METHOD_MATCH = YES;
				COPY_PHASE_STRIP = NO;
				DEBUG_INFORMATION_FORMAT = "dwarf-with-dsym";
				ENABLE_NS_ASSERTIONS = NO;
				ENABLE_STRICT_OBJC_MSGSEND = YES;
				ENABLE_USER_SCRIPT_SANDBOXING = YES;
				GCC_C_LANGUAGE_STANDARD = gnu17;
				GCC_NO_COMMON_BLOCKS = YES;
				GCC_WARN_64_TO_32_BIT_CONVERSION = YES;
				GCC_WARN_ABOUT_RETURN_TYPE = YES_ERROR;
				GCC_WARN_UNDECLARED_SELECTOR = YES;
				GCC_WARN_UNINITIALIZED_AUTOS = YES_AGGRESSIVE;
				GCC_WARN_UNUSED_FUNCTION = YES;
				GCC_WARN_UNUSED_VARIABLE = YES;
				IPHONEOS_DEPLOYMENT_TARGET = 17.0;
				LOCALIZATION_PREFERS_STRING_CATALOGS = YES;
				MTL_ENABLE_DEBUG_INFO = NO;
				MTL_FAST_MATH = YES;
				SDKROOT = iphoneos;
				SWIFT_COMPILATION_MODE = wholemodule;
				VALIDATE_PRODUCT = YES;
			};
			name = Release;
		};
		467FE91B2B236676002E52B3 /* Debug */ = {
			isa = XCBuildConfiguration;
			buildSettings = {
				ASSETCATALOG_COMPILER_APPICON_NAME = AppIcon;
				ASSETCATALOG_COMPILER_GLOBAL_ACCENT_COLOR_NAME = AccentColor;
				CODE_SIGN_STYLE = Automatic;
				CURRENT_PROJECT_VERSION = 1;
				DEVELOPMENT_TEAM = 3WX9FH8392;
				GENERATE_INFOPLIST_FILE = YES;
				INFOPLIST_FILE = UnitTests/Info.plist;
				INFOPLIST_KEY_UIApplicationSupportsIndirectInputEvents = YES;
				INFOPLIST_KEY_UILaunchStoryboardName = LaunchScreen;
				INFOPLIST_KEY_UIMainStoryboardFile = Main;
				INFOPLIST_KEY_UISupportedInterfaceOrientations_iPad = "UIInterfaceOrientationPortrait UIInterfaceOrientationPortraitUpsideDown UIInterfaceOrientationLandscapeLeft UIInterfaceOrientationLandscapeRight";
				INFOPLIST_KEY_UISupportedInterfaceOrientations_iPhone = "UIInterfaceOrientationPortrait UIInterfaceOrientationLandscapeLeft UIInterfaceOrientationLandscapeRight";
				LD_RUNPATH_SEARCH_PATHS = (
					"$(inherited)",
					"@executable_path/Frameworks",
				);
				MARKETING_VERSION = 1.0;
				PRODUCT_BUNDLE_IDENTIFIER = com.lucas.UnitTests;
				PRODUCT_NAME = "$(TARGET_NAME)";
				SWIFT_EMIT_LOC_STRINGS = YES;
				SWIFT_VERSION = 5.0;
				TARGETED_DEVICE_FAMILY = "1,2";
			};
			name = Debug;
		};
		467FE91C2B236676002E52B3 /* Release */ = {
			isa = XCBuildConfiguration;
			buildSettings = {
				ASSETCATALOG_COMPILER_APPICON_NAME = AppIcon;
				ASSETCATALOG_COMPILER_GLOBAL_ACCENT_COLOR_NAME = AccentColor;
				CODE_SIGN_STYLE = Automatic;
				CURRENT_PROJECT_VERSION = 1;
				DEVELOPMENT_TEAM = 3WX9FH8392;
				GENERATE_INFOPLIST_FILE = YES;
				INFOPLIST_FILE = UnitTests/Info.plist;
				INFOPLIST_KEY_UIApplicationSupportsIndirectInputEvents = YES;
				INFOPLIST_KEY_UILaunchStoryboardName = LaunchScreen;
				INFOPLIST_KEY_UIMainStoryboardFile = Main;
				INFOPLIST_KEY_UISupportedInterfaceOrientations_iPad = "UIInterfaceOrientationPortrait UIInterfaceOrientationPortraitUpsideDown UIInterfaceOrientationLandscapeLeft UIInterfaceOrientationLandscapeRight";
				INFOPLIST_KEY_UISupportedInterfaceOrientations_iPhone = "UIInterfaceOrientationPortrait UIInterfaceOrientationLandscapeLeft UIInterfaceOrientationLandscapeRight";
				LD_RUNPATH_SEARCH_PATHS = (
					"$(inherited)",
					"@executable_path/Frameworks",
				);
				MARKETING_VERSION = 1.0;
				PRODUCT_BUNDLE_IDENTIFIER = com.lucas.UnitTests;
				PRODUCT_NAME = "$(TARGET_NAME)";
				SWIFT_EMIT_LOC_STRINGS = YES;
				SWIFT_VERSION = 5.0;
				TARGETED_DEVICE_FAMILY = "1,2";
			};
			name = Release;
		};
		467FE91E2B236676002E52B3 /* Debug */ = {
			isa = XCBuildConfiguration;
			buildSettings = {
				ALWAYS_EMBED_SWIFT_STANDARD_LIBRARIES = YES;
				BUNDLE_LOADER = "$(TEST_HOST)";
				CODE_SIGN_STYLE = Automatic;
				CURRENT_PROJECT_VERSION = 1;
				DEVELOPMENT_TEAM = 3WX9FH8392;
				GENERATE_INFOPLIST_FILE = YES;
				IPHONEOS_DEPLOYMENT_TARGET = 17.0;
				MARKETING_VERSION = 1.0;
				PRODUCT_BUNDLE_IDENTIFIER = com.lucas.UnitTestsTests;
				PRODUCT_NAME = "$(TARGET_NAME)";
				SWIFT_EMIT_LOC_STRINGS = NO;
				SWIFT_VERSION = 5.0;
				TARGETED_DEVICE_FAMILY = "1,2";
				TEST_HOST = "$(BUILT_PRODUCTS_DIR)/UnitTests.app/$(BUNDLE_EXECUTABLE_FOLDER_PATH)/UnitTests";
			};
			name = Debug;
		};
		467FE91F2B236676002E52B3 /* Release */ = {
			isa = XCBuildConfiguration;
			buildSettings = {
				ALWAYS_EMBED_SWIFT_STANDARD_LIBRARIES = YES;
				BUNDLE_LOADER = "$(TEST_HOST)";
				CODE_SIGN_STYLE = Automatic;
				CURRENT_PROJECT_VERSION = 1;
				DEVELOPMENT_TEAM = 3WX9FH8392;
				GENERATE_INFOPLIST_FILE = YES;
				IPHONEOS_DEPLOYMENT_TARGET = 17.0;
				MARKETING_VERSION = 1.0;
				PRODUCT_BUNDLE_IDENTIFIER = com.lucas.UnitTestsTests;
				PRODUCT_NAME = "$(TARGET_NAME)";
				SWIFT_EMIT_LOC_STRINGS = NO;
				SWIFT_VERSION = 5.0;
				TARGETED_DEVICE_FAMILY = "1,2";
				TEST_HOST = "$(BUILT_PRODUCTS_DIR)/UnitTests.app/$(BUNDLE_EXECUTABLE_FOLDER_PATH)/UnitTests";
			};
			name = Release;
		};
		467FE9212B236676002E52B3 /* Debug */ = {
			isa = XCBuildConfiguration;
			buildSettings = {
				ALWAYS_EMBED_SWIFT_STANDARD_LIBRARIES = YES;
				CODE_SIGN_STYLE = Automatic;
				CURRENT_PROJECT_VERSION = 1;
				DEVELOPMENT_TEAM = 3WX9FH8392;
				GENERATE_INFOPLIST_FILE = YES;
				MARKETING_VERSION = 1.0;
				PRODUCT_BUNDLE_IDENTIFIER = com.lucas.UnitTestsUITests;
				PRODUCT_NAME = "$(TARGET_NAME)";
				SWIFT_EMIT_LOC_STRINGS = NO;
				SWIFT_VERSION = 5.0;
				TARGETED_DEVICE_FAMILY = "1,2";
				TEST_TARGET_NAME = UnitTests;
			};
			name = Debug;
		};
		467FE9222B236676002E52B3 /* Release */ = {
			isa = XCBuildConfiguration;
			buildSettings = {
				ALWAYS_EMBED_SWIFT_STANDARD_LIBRARIES = YES;
				CODE_SIGN_STYLE = Automatic;
				CURRENT_PROJECT_VERSION = 1;
				DEVELOPMENT_TEAM = 3WX9FH8392;
				GENERATE_INFOPLIST_FILE = YES;
				MARKETING_VERSION = 1.0;
				PRODUCT_BUNDLE_IDENTIFIER = com.lucas.UnitTestsUITests;
				PRODUCT_NAME = "$(TARGET_NAME)";
				SWIFT_EMIT_LOC_STRINGS = NO;
				SWIFT_VERSION = 5.0;
				TARGETED_DEVICE_FAMILY = "1,2";
				TEST_TARGET_NAME = UnitTests;
			};
			name = Release;
		};
/* End XCBuildConfiguration section */

/* Begin XCConfigurationList section */
		467FE8EB2B236673002E52B3 /* Build configuration list for PBXProject "UnitTests" */ = {
			isa = XCConfigurationList;
			buildConfigurations = (
				467FE9182B236676002E52B3 /* Debug */,
				467FE9192B236676002E52B3 /* Release */,
			);
			defaultConfigurationIsVisible = 0;
			defaultConfigurationName = Release;
		};
		467FE91A2B236676002E52B3 /* Build configuration list for PBXNativeTarget "UnitTests" */ = {
			isa = XCConfigurationList;
			buildConfigurations = (
				467FE91B2B236676002E52B3 /* Debug */,
				467FE91C2B236676002E52B3 /* Release */,
			);
			defaultConfigurationIsVisible = 0;
			defaultConfigurationName = Release;
		};
		467FE91D2B236676002E52B3 /* Build configuration list for PBXNativeTarget "UnitTestsTests" */ = {
			isa = XCConfigurationList;
			buildConfigurations = (
				467FE91E2B236676002E52B3 /* Debug */,
				467FE91F2B236676002E52B3 /* Release */,
			);
			defaultConfigurationIsVisible = 0;
			defaultConfigurationName = Release;
		};
		467FE9202B236676002E52B3 /* Build configuration list for PBXNativeTarget "UnitTestsUITests" */ = {
			isa = XCConfigurationList;
			buildConfigurations = (
				467FE9212B236676002E52B3 /* Debug */,
				467FE9222B236676002E52B3 /* Release */,
			);
			defaultConfigurationIsVisible = 0;
			defaultConfigurationName = Release;
		};
/* End XCConfigurationList section */
	};
	rootObject = 467FE8E82B236673002E52B3 /* Project object */;
}
